
Microsoft Visual Studio Solution File, Format Version 12.00
# Visual Studio Version 17
VisualStudioVersion = 17.13.35825.156
MinimumVisualStudioVersion = 10.0.40219.1
Project("{FAE04EC0-301F-11D3-BF4B-00C04F79EFBC}") = "TN01_WFCadastrar", "TN01_WFCadastrar\TN01_WFCadastrar.csproj", "{B92292AC-1B29-4BC8-BE59-B01A26E4FF17}"
EndProject
Project("{FAE04EC0-301F-11D3-BF4B-00C04F79EFBC}") = "WFCadastroEndereco", "WFCadastroEndereco\WFCadastroEndereco.csproj", "{423C734F-4DD8-4362-A6A5-630BE0074430}"
EndProject
Global
	GlobalSection(SolutionConfigurationPlatforms) = preSolution
		Debug|Any CPU = Debug|Any CPU
		Release|Any CPU = Release|Any CPU
	EndGlobalSection
	GlobalSection(ProjectConfigurationPlatforms) = postSolution
		{B92292AC-1B29-4BC8-BE59-B01A26E4FF17}.Debug|Any CPU.ActiveCfg = Debug|Any CPU
		{B92292AC-1B29-4BC8-BE59-B01A26E4FF17}.Debug|Any CPU.Build.0 = Debug|Any CPU
		{B92292AC-1B29-4BC8-BE59-B01A26E4FF17}.Release|Any CPU.ActiveCfg = Release|Any CPU
		{B92292AC-1B29-4BC8-BE59-B01A26E4FF17}.Release|Any CPU.Build.0 = Release|Any CPU
		{423C734F-4DD8-4362-A6A5-630BE0074430}.Debug|Any CPU.ActiveCfg = Debug|Any CPU
		{423C734F-4DD8-4362-A6A5-630BE0074430}.Debug|Any CPU.Build.0 = Debug|Any CPU
		{423C734F-4DD8-4362-A6A5-630BE0074430}.Release|Any CPU.ActiveCfg = Release|Any CPU
		{423C734F-4DD8-4362-A6A5-630BE0074430}.Release|Any CPU.Build.0 = Release|Any CPU
	EndGlobalSection
	GlobalSection(SolutionProperties) = preSolution
		HideSolutionNode = FALSE
	EndGlobalSection
	GlobalSection(ExtensibilityGlobals) = postSolution
		SolutionGuid = {A1B9D5E4-3304-4508-A0C6-1B7F626546D8}
	EndGlobalSection
EndGlobal
